# This file is automatically @generated by Cargo.
# It is not intended for manual editing.
version = 4

[[package]]
name = "rabbitui"
version = "0.0.0"

[[package]]
name = "rabbitui-agent"
version = "0.0.0"

[[package]]
name = "rabbitui-core"
version = "0.0.0"

[[package]]
name = "rabbitui-ratatui"
version = "0.0.0"

[[package]]
name = "rabbitui-testing"
version = "0.0.0"

[[package]]
name = "rabbitui-widgets"
version = "0.0.0"
